
Microsoft Visual Studio Solution File, Format Version 12.00
# Visual Studio 15
VisualStudioVersion = 15.0.28307.329
MinimumVisualStudioVersion = 10.0.40219.1
Project("{FAE04EC0-301F-11D3-BF4B-00C04F79EFBC}") = "CS.Utils", "CS.Utils\CS.Utils.csproj", "{D2C6A598-10EC-4835-A5F8-FE6FA3C71251}"
EndProject
Project("{FAE04EC0-301F-11D3-BF4B-00C04F79EFBC}") = "WPF.Utils", "WPF.Utils\WPF.Utils.csproj", "{6017086E-9F93-4692-87AC-704DEA9F3F7A}"
EndProject
Global
	GlobalSection(SolutionConfigurationPlatforms) = preSolution
		Debug|Any CPU = Debug|Any CPU
		Release|Any CPU = Release|Any CPU
	EndGlobalSection
	GlobalSection(ProjectConfigurationPlatforms) = postSolution
		{D2C6A598-10EC-4835-A5F8-FE6FA3C71251}.Debug|Any CPU.ActiveCfg = Debug|Any CPU
		{D2C6A598-10EC-4835-A5F8-FE6FA3C71251}.Debug|Any CPU.Build.0 = Debug|Any CPU
		{D2C6A598-10EC-4835-A5F8-FE6FA3C71251}.Release|Any CPU.ActiveCfg = Release|Any CPU
		{D2C6A598-10EC-4835-A5F8-FE6FA3C71251}.Release|Any CPU.Build.0 = Release|Any CPU
		{6017086E-9F93-4692-87AC-704DEA9F3F7A}.Debug|Any CPU.ActiveCfg = Debug|Any CPU
		{6017086E-9F93-4692-87AC-704DEA9F3F7A}.Debug|Any CPU.Build.0 = Debug|Any CPU
		{6017086E-9F93-4692-87AC-704DEA9F3F7A}.Release|Any CPU.ActiveCfg = Release|Any CPU
		{6017086E-9F93-4692-87AC-704DEA9F3F7A}.Release|Any CPU.Build.0 = Release|Any CPU
	EndGlobalSection
	GlobalSection(SolutionProperties) = preSolution
		HideSolutionNode = FALSE
	EndGlobalSection
	GlobalSection(ExtensibilityGlobals) = postSolution
		SolutionGuid = {0867497C-AD2C-442D-84B0-952A939406E6}
	EndGlobalSection
EndGlobal
